
Microsoft Visual Studio Solution File, Format Version 12.00
# Visual Studio Version 17
VisualStudioVersion = 17.11.35327.3
MinimumVisualStudioVersion = 10.0.40219.1
Project("{8BC9CEB8-8B4A-11D0-8D11-00A0C91BC942}") = "Test", "Test\Test.vcxproj", "{F33D7541-8A10-4D69-BC8F-031012462B82}"
EndProject
Project("{8BC9CEB8-8B4A-11D0-8D11-00A0C91BC942}") = "011", "011\011.vcxproj", "{A06C541D-9C2F-49A0-8AD8-3AE904032BDC}"
EndProject
Project("{8BC9CEB8-8B4A-11D0-8D11-00A0C91BC942}") = "023", "023\023.vcxproj", "{082FCA83-FF99-4641-A1CE-1DE4E5A53A01}"
EndProject
Project("{8BC9CEB8-8B4A-11D0-8D11-00A0C91BC942}") = "035", "035\035.vcxproj", "{FF23FD07-4BD0-41C8-A08F-6687115D91F3}"
EndProject
Project("{8BC9CEB8-8B4A-11D0-8D11-00A0C91BC942}") = "047", "047\047.vcxproj", "{D151584C-404B-44D1-8190-A6BF40349062}"
EndProject
Project("{8BC9CEB8-8B4A-11D0-8D11-00A0C91BC942}") = "059", "059\059.vcxproj", "{AF56D998-C0E9-4731-8D0F-A07D4BEEFCE1}"
EndProject
Project("{8BC9CEB8-8B4A-11D0-8D11-00A0C91BC942}") = "071", "071\071.vcxproj", "{1BBC0B7B-E05F-41D8-A6CD-78DBC8F20299}"
EndProject
Project("{8BC9CEB8-8B4A-11D0-8D11-00A0C91BC942}") = "083", "083\083.vcxproj", "{FCDACC55-DB05-4DB6-95BA-09822BE23C31}"
EndProject
Global
	GlobalSection(SolutionConfigurationPlatforms) = preSolution
		Debug|x64 = Debug|x64
		Debug|x86 = Debug|x86
		Release|x64 = Release|x64
		Release|x86 = Release|x86
	EndGlobalSection
	GlobalSection(ProjectConfigurationPlatforms) = postSolution
		{F33D7541-8A10-4D69-BC8F-031012462B82}.Debug|x64.ActiveCfg = Debug|x64
		{F33D7541-8A10-4D69-BC8F-031012462B82}.Debug|x64.Build.0 = Debug|x64
		{F33D7541-8A10-4D69-BC8F-031012462B82}.Debug|x86.ActiveCfg = Debug|Win32
		{F33D7541-8A10-4D69-BC8F-031012462B82}.Debug|x86.Build.0 = Debug|Win32
		{F33D7541-8A10-4D69-BC8F-031012462B82}.Release|x64.ActiveCfg = Release|x64
		{F33D7541-8A10-4D69-BC8F-031012462B82}.Release|x64.Build.0 = Release|x64
		{F33D7541-8A10-4D69-BC8F-031012462B82}.Release|x86.ActiveCfg = Release|Win32
		{F33D7541-8A10-4D69-BC8F-031012462B82}.Release|x86.Build.0 = Release|Win32
		{A06C541D-9C2F-49A0-8AD8-3AE904032BDC}.Debug|x64.ActiveCfg = Debug|x64
		{A06C541D-9C2F-49A0-8AD8-3AE904032BDC}.Debug|x64.Build.0 = Debug|x64
		{A06C541D-9C2F-49A0-8AD8-3AE904032BDC}.Debug|x86.ActiveCfg = Debug|Win32
		{A06C541D-9C2F-49A0-8AD8-3AE904032BDC}.Debug|x86.Build.0 = Debug|Win32
		{A06C541D-9C2F-49A0-8AD8-3AE904032BDC}.Release|x64.ActiveCfg = Release|x64
		{A06C541D-9C2F-49A0-8AD8-3AE904032BDC}.Release|x64.Build.0 = Release|x64
		{A06C541D-9C2F-49A0-8AD8-3AE904032BDC}.Release|x86.ActiveCfg = Release|Win32
		{A06C541D-9C2F-49A0-8AD8-3AE904032BDC}.Release|x86.Build.0 = Release|Win32
		{082FCA83-FF99-4641-A1CE-1DE4E5A53A01}.Debug|x64.ActiveCfg = Debug|x64
		{082FCA83-FF99-4641-A1CE-1DE4E5A53A01}.Debug|x64.Build.0 = Debug|x64
		{082FCA83-FF99-4641-A1CE-1DE4E5A53A01}.Debug|x86.ActiveCfg = Debug|Win32
		{082FCA83-FF99-4641-A1CE-1DE4E5A53A01}.Debug|x86.Build.0 = Debug|Win32
		{082FCA83-FF99-4641-A1CE-1DE4E5A53A01}.Release|x64.ActiveCfg = Release|x64
		{082FCA83-FF99-4641-A1CE-1DE4E5A53A01}.Release|x64.Build.0 = Release|x64
		{082FCA83-FF99-4641-A1CE-1DE4E5A53A01}.Release|x86.ActiveCfg = Release|Win32
		{082FCA83-FF99-4641-A1CE-1DE4E5A53A01}.Release|x86.Build.0 = Release|Win32
		{FF23FD07-4BD0-41C8-A08F-6687115D91F3}.Debug|x64.ActiveCfg = Debug|x64
		{FF23FD07-4BD0-41C8-A08F-6687115D91F3}.Debug|x64.Build.0 = Debug|x64
		{FF23FD07-4BD0-41C8-A08F-6687115D91F3}.Debug|x86.ActiveCfg = Debug|Win32
		{FF23FD07-4BD0-41C8-A08F-6687115D91F3}.Debug|x86.Build.0 = Debug|Win32
		{FF23FD07-4BD0-41C8-A08F-6687115D91F3}.Release|x64.ActiveCfg = Release|x64
		{FF23FD07-4BD0-41C8-A08F-6687115D91F3}.Release|x64.Build.0 = Release|x64
		{FF23FD07-4BD0-41C8-A08F-6687115D91F3}.Release|x86.ActiveCfg = Release|Win32
		{FF23FD07-4BD0-41C8-A08F-6687115D91F3}.Release|x86.Build.0 = Release|Win32
		{D151584C-404B-44D1-8190-A6BF40349062}.Debug|x64.ActiveCfg = Debug|x64
		{D151584C-404B-44D1-8190-A6BF40349062}.Debug|x64.Build.0 = Debug|x64
		{D151584C-404B-44D1-8190-A6BF40349062}.Debug|x86.ActiveCfg = Debug|Win32
		{D151584C-404B-44D1-8190-A6BF40349062}.Debug|x86.Build.0 = Debug|Win32
		{D151584C-404B-44D1-8190-A6BF40349062}.Release|x64.ActiveCfg = Release|x64
		{D151584C-404B-44D1-8190-A6BF40349062}.Release|x64.Build.0 = Release|x64
		{D151584C-404B-44D1-8190-A6BF40349062}.Release|x86.ActiveCfg = Release|Win32
		{D151584C-404B-44D1-8190-A6BF40349062}.Release|x86.Build.0 = Release|Win32
		{AF56D998-C0E9-4731-8D0F-A07D4BEEFCE1}.Debug|x64.ActiveCfg = Debug|x64
		{AF56D998-C0E9-4731-8D0F-A07D4BEEFCE1}.Debug|x64.Build.0 = Debug|x64
		{AF56D998-C0E9-4731-8D0F-A07D4BEEFCE1}.Debug|x86.ActiveCfg = Debug|Win32
		{AF56D998-C0E9-4731-8D0F-A07D4BEEFCE1}.Debug|x86.Build.0 = Debug|Win32
		{AF56D998-C0E9-4731-8D0F-A07D4BEEFCE1}.Release|x64.ActiveCfg = Release|x64
		{AF56D998-C0E9-4731-8D0F-A07D4BEEFCE1}.Release|x64.Build.0 = Release|x64
		{AF56D998-C0E9-4731-8D0F-A07D4BEEFCE1}.Release|x86.ActiveCfg = Release|Win32
		{AF56D998-C0E9-4731-8D0F-A07D4BEEFCE1}.Release|x86.Build.0 = Release|Win32
		{1BBC0B7B-E05F-41D8-A6CD-78DBC8F20299}.Debug|x64.ActiveCfg = Debug|x64
		{1BBC0B7B-E05F-41D8-A6CD-78DBC8F20299}.Debug|x64.Build.0 = Debug|x64
		{1BBC0B7B-E05F-41D8-A6CD-78DBC8F20299}.Debug|x86.ActiveCfg = Debug|Win32
		{1BBC0B7B-E05F-41D8-A6CD-78DBC8F20299}.Debug|x86.Build.0 = Debug|Win32
		{1BBC0B7B-E05F-41D8-A6CD-78DBC8F20299}.Release|x64.ActiveCfg = Release|x64
		{1BBC0B7B-E05F-41D8-A6CD-78DBC8F20299}.Release|x64.Build.0 = Release|x64
		{1BBC0B7B-E05F-41D8-A6CD-78DBC8F20299}.Release|x86.ActiveCfg = Release|Win32
		{1BBC0B7B-E05F-41D8-A6CD-78DBC8F20299}.Release|x86.Build.0 = Release|Win32
		{FCDACC55-DB05-4DB6-95BA-09822BE23C31}.Debug|x64.ActiveCfg = Debug|x64
		{FCDACC55-DB05-4DB6-95BA-09822BE23C31}.Debug|x64.Build.0 = Debug|x64
		{FCDACC55-DB05-4DB6-95BA-09822BE23C31}.Debug|x86.ActiveCfg = Debug|Win32
		{FCDACC55-DB05-4DB6-95BA-09822BE23C31}.Debug|x86.Build.0 = Debug|Win32
		{FCDACC55-DB05-4DB6-95BA-09822BE23C31}.Release|x64.ActiveCfg = Release|x64
		{FCDACC55-DB05-4DB6-95BA-09822BE23C31}.Release|x64.Build.0 = Release|x64
		{FCDACC55-DB05-4DB6-95BA-09822BE23C31}.Release|x86.ActiveCfg = Release|Win32
		{FCDACC55-DB05-4DB6-95BA-09822BE23C31}.Release|x86.Build.0 = Release|Win32
	EndGlobalSection
	GlobalSection(SolutionProperties) = preSolution
		HideSolutionNode = FALSE
	EndGlobalSection
	GlobalSection(ExtensibilityGlobals) = postSolution
		SolutionGuid = {4EFEC15F-13CE-4741-9132-E3EB3DB6EC27}
	EndGlobalSection
EndGlobal
