
Microsoft Visual Studio Solution File, Format Version 12.00
# Visual Studio Version 17
VisualStudioVersion = 17.11.35327.3
MinimumVisualStudioVersion = 10.0.40219.1
Project("{8BC9CEB8-8B4A-11D0-8D11-00A0C91BC942}") = "Test", "Test\Test.vcxproj", "{F33D7541-8A10-4D69-BC8F-031012462B82}"
EndProject
Project("{8BC9CEB8-8B4A-11D0-8D11-00A0C91BC942}") = "001", "001\001.vcxproj", "{682E2244-8E97-46CE-80D7-6E2A279FD206}"
EndProject
Project("{8BC9CEB8-8B4A-11D0-8D11-00A0C91BC942}") = "013", "013\013.vcxproj", "{57EB28F5-1F2E-410C-BA36-A4BF22BF63F9}"
EndProject
Project("{8BC9CEB8-8B4A-11D0-8D11-00A0C91BC942}") = "025", "025\025.vcxproj", "{982CADF5-B67F-4BCD-867A-6C782EDF1810}"
EndProject
Project("{8BC9CEB8-8B4A-11D0-8D11-00A0C91BC942}") = "037", "037\037.vcxproj", "{3E6C8BE6-6BA7-4E8B-A4C9-99ADD9A7F5C1}"
EndProject
Project("{8BC9CEB8-8B4A-11D0-8D11-00A0C91BC942}") = "049", "049\049.vcxproj", "{EE24B2B1-31E3-4C18-9992-74824C9E4EC1}"
EndProject
Project("{8BC9CEB8-8B4A-11D0-8D11-00A0C91BC942}") = "061", "061\061.vcxproj", "{7003F2ED-D680-4B71-B3B7-4F9155460334}"
EndProject
Project("{8BC9CEB8-8B4A-11D0-8D11-00A0C91BC942}") = "073", "073\073.vcxproj", "{4E650667-77F9-45E8-B024-8D583C91CA59}"
EndProject
Project("{8BC9CEB8-8B4A-11D0-8D11-00A0C91BC942}") = "085", "085\085.vcxproj", "{0EFA3115-B70B-40A6-9818-53086006C7D7}"
EndProject
Project("{8BC9CEB8-8B4A-11D0-8D11-00A0C91BC942}") = "097", "097\097.vcxproj", "{1F3A9942-C9BC-4E4D-A510-770E636F7AAA}"
EndProject
Project("{8BC9CEB8-8B4A-11D0-8D11-00A0C91BC942}") = "109", "109\109.vcxproj", "{089CA556-BFA7-4DED-969C-E29E21792E86}"
EndProject
Project("{8BC9CEB8-8B4A-11D0-8D11-00A0C91BC942}") = "121", "121\121.vcxproj", "{97DE1913-1F8D-43FA-A64D-59CCE109CFAE}"
EndProject
Project("{8BC9CEB8-8B4A-11D0-8D11-00A0C91BC942}") = "133", "133\133.vcxproj", "{E49EEC66-C2C5-4CE4-BCD4-CA4FD0712A20}"
EndProject
Project("{8BC9CEB8-8B4A-11D0-8D11-00A0C91BC942}") = "145", "145\145.vcxproj", "{69D8C85A-2DB9-4FA3-BA10-60A422ECDAE2}"
EndProject
Global
	GlobalSection(SolutionConfigurationPlatforms) = preSolution
		Debug|x64 = Debug|x64
		Debug|x86 = Debug|x86
		Release|x64 = Release|x64
		Release|x86 = Release|x86
	EndGlobalSection
	GlobalSection(ProjectConfigurationPlatforms) = postSolution
		{F33D7541-8A10-4D69-BC8F-031012462B82}.Debug|x64.ActiveCfg = Debug|x64
		{F33D7541-8A10-4D69-BC8F-031012462B82}.Debug|x64.Build.0 = Debug|x64
		{F33D7541-8A10-4D69-BC8F-031012462B82}.Debug|x86.ActiveCfg = Debug|Win32
		{F33D7541-8A10-4D69-BC8F-031012462B82}.Debug|x86.Build.0 = Debug|Win32
		{F33D7541-8A10-4D69-BC8F-031012462B82}.Release|x64.ActiveCfg = Release|x64
		{F33D7541-8A10-4D69-BC8F-031012462B82}.Release|x64.Build.0 = Release|x64
		{F33D7541-8A10-4D69-BC8F-031012462B82}.Release|x86.ActiveCfg = Release|Win32
		{F33D7541-8A10-4D69-BC8F-031012462B82}.Release|x86.Build.0 = Release|Win32
		{682E2244-8E97-46CE-80D7-6E2A279FD206}.Debug|x64.ActiveCfg = Debug|x64
		{682E2244-8E97-46CE-80D7-6E2A279FD206}.Debug|x64.Build.0 = Debug|x64
		{682E2244-8E97-46CE-80D7-6E2A279FD206}.Debug|x86.ActiveCfg = Debug|Win32
		{682E2244-8E97-46CE-80D7-6E2A279FD206}.Debug|x86.Build.0 = Debug|Win32
		{682E2244-8E97-46CE-80D7-6E2A279FD206}.Release|x64.ActiveCfg = Release|x64
		{682E2244-8E97-46CE-80D7-6E2A279FD206}.Release|x64.Build.0 = Release|x64
		{682E2244-8E97-46CE-80D7-6E2A279FD206}.Release|x86.ActiveCfg = Release|Win32
		{682E2244-8E97-46CE-80D7-6E2A279FD206}.Release|x86.Build.0 = Release|Win32
		{57EB28F5-1F2E-410C-BA36-A4BF22BF63F9}.Debug|x64.ActiveCfg = Debug|x64
		{57EB28F5-1F2E-410C-BA36-A4BF22BF63F9}.Debug|x64.Build.0 = Debug|x64
		{57EB28F5-1F2E-410C-BA36-A4BF22BF63F9}.Debug|x86.ActiveCfg = Debug|Win32
		{57EB28F5-1F2E-410C-BA36-A4BF22BF63F9}.Debug|x86.Build.0 = Debug|Win32
		{57EB28F5-1F2E-410C-BA36-A4BF22BF63F9}.Release|x64.ActiveCfg = Release|x64
		{57EB28F5-1F2E-410C-BA36-A4BF22BF63F9}.Release|x64.Build.0 = Release|x64
		{57EB28F5-1F2E-410C-BA36-A4BF22BF63F9}.Release|x86.ActiveCfg = Release|Win32
		{57EB28F5-1F2E-410C-BA36-A4BF22BF63F9}.Release|x86.Build.0 = Release|Win32
		{982CADF5-B67F-4BCD-867A-6C782EDF1810}.Debug|x64.ActiveCfg = Debug|x64
		{982CADF5-B67F-4BCD-867A-6C782EDF1810}.Debug|x64.Build.0 = Debug|x64
		{982CADF5-B67F-4BCD-867A-6C782EDF1810}.Debug|x86.ActiveCfg = Debug|Win32
		{982CADF5-B67F-4BCD-867A-6C782EDF1810}.Debug|x86.Build.0 = Debug|Win32
		{982CADF5-B67F-4BCD-867A-6C782EDF1810}.Release|x64.ActiveCfg = Release|x64
		{982CADF5-B67F-4BCD-867A-6C782EDF1810}.Release|x64.Build.0 = Release|x64
		{982CADF5-B67F-4BCD-867A-6C782EDF1810}.Release|x86.ActiveCfg = Release|Win32
		{982CADF5-B67F-4BCD-867A-6C782EDF1810}.Release|x86.Build.0 = Release|Win32
		{3E6C8BE6-6BA7-4E8B-A4C9-99ADD9A7F5C1}.Debug|x64.ActiveCfg = Debug|x64
		{3E6C8BE6-6BA7-4E8B-A4C9-99ADD9A7F5C1}.Debug|x64.Build.0 = Debug|x64
		{3E6C8BE6-6BA7-4E8B-A4C9-99ADD9A7F5C1}.Debug|x86.ActiveCfg = Debug|Win32
		{3E6C8BE6-6BA7-4E8B-A4C9-99ADD9A7F5C1}.Debug|x86.Build.0 = Debug|Win32
		{3E6C8BE6-6BA7-4E8B-A4C9-99ADD9A7F5C1}.Release|x64.ActiveCfg = Release|x64
		{3E6C8BE6-6BA7-4E8B-A4C9-99ADD9A7F5C1}.Release|x64.Build.0 = Release|x64
		{3E6C8BE6-6BA7-4E8B-A4C9-99ADD9A7F5C1}.Release|x86.ActiveCfg = Release|Win32
		{3E6C8BE6-6BA7-4E8B-A4C9-99ADD9A7F5C1}.Release|x86.Build.0 = Release|Win32
		{EE24B2B1-31E3-4C18-9992-74824C9E4EC1}.Debug|x64.ActiveCfg = Debug|x64
		{EE24B2B1-31E3-4C18-9992-74824C9E4EC1}.Debug|x64.Build.0 = Debug|x64
		{EE24B2B1-31E3-4C18-9992-74824C9E4EC1}.Debug|x86.ActiveCfg = Debug|Win32
		{EE24B2B1-31E3-4C18-9992-74824C9E4EC1}.Debug|x86.Build.0 = Debug|Win32
		{EE24B2B1-31E3-4C18-9992-74824C9E4EC1}.Release|x64.ActiveCfg = Release|x64
		{EE24B2B1-31E3-4C18-9992-74824C9E4EC1}.Release|x64.Build.0 = Release|x64
		{EE24B2B1-31E3-4C18-9992-74824C9E4EC1}.Release|x86.ActiveCfg = Release|Win32
		{EE24B2B1-31E3-4C18-9992-74824C9E4EC1}.Release|x86.Build.0 = Release|Win32
		{7003F2ED-D680-4B71-B3B7-4F9155460334}.Debug|x64.ActiveCfg = Debug|x64
		{7003F2ED-D680-4B71-B3B7-4F9155460334}.Debug|x64.Build.0 = Debug|x64
		{7003F2ED-D680-4B71-B3B7-4F9155460334}.Debug|x86.ActiveCfg = Debug|Win32
		{7003F2ED-D680-4B71-B3B7-4F9155460334}.Debug|x86.Build.0 = Debug|Win32
		{7003F2ED-D680-4B71-B3B7-4F9155460334}.Release|x64.ActiveCfg = Release|x64
		{7003F2ED-D680-4B71-B3B7-4F9155460334}.Release|x64.Build.0 = Release|x64
		{7003F2ED-D680-4B71-B3B7-4F9155460334}.Release|x86.ActiveCfg = Release|Win32
		{7003F2ED-D680-4B71-B3B7-4F9155460334}.Release|x86.Build.0 = Release|Win32
		{4E650667-77F9-45E8-B024-8D583C91CA59}.Debug|x64.ActiveCfg = Debug|x64
		{4E650667-77F9-45E8-B024-8D583C91CA59}.Debug|x64.Build.0 = Debug|x64
		{4E650667-77F9-45E8-B024-8D583C91CA59}.Debug|x86.ActiveCfg = Debug|Win32
		{4E650667-77F9-45E8-B024-8D583C91CA59}.Debug|x86.Build.0 = Debug|Win32
		{4E650667-77F9-45E8-B024-8D583C91CA59}.Release|x64.ActiveCfg = Release|x64
		{4E650667-77F9-45E8-B024-8D583C91CA59}.Release|x64.Build.0 = Release|x64
		{4E650667-77F9-45E8-B024-8D583C91CA59}.Release|x86.ActiveCfg = Release|Win32
		{4E650667-77F9-45E8-B024-8D583C91CA59}.Release|x86.Build.0 = Release|Win32
		{0EFA3115-B70B-40A6-9818-53086006C7D7}.Debug|x64.ActiveCfg = Debug|x64
		{0EFA3115-B70B-40A6-9818-53086006C7D7}.Debug|x64.Build.0 = Debug|x64
		{0EFA3115-B70B-40A6-9818-53086006C7D7}.Debug|x86.ActiveCfg = Debug|Win32
		{0EFA3115-B70B-40A6-9818-53086006C7D7}.Debug|x86.Build.0 = Debug|Win32
		{0EFA3115-B70B-40A6-9818-53086006C7D7}.Release|x64.ActiveCfg = Release|x64
		{0EFA3115-B70B-40A6-9818-53086006C7D7}.Release|x64.Build.0 = Release|x64
		{0EFA3115-B70B-40A6-9818-53086006C7D7}.Release|x86.ActiveCfg = Release|Win32
		{0EFA3115-B70B-40A6-9818-53086006C7D7}.Release|x86.Build.0 = Release|Win32
		{1F3A9942-C9BC-4E4D-A510-770E636F7AAA}.Debug|x64.ActiveCfg = Debug|x64
		{1F3A9942-C9BC-4E4D-A510-770E636F7AAA}.Debug|x64.Build.0 = Debug|x64
		{1F3A9942-C9BC-4E4D-A510-770E636F7AAA}.Debug|x86.ActiveCfg = Debug|Win32
		{1F3A9942-C9BC-4E4D-A510-770E636F7AAA}.Debug|x86.Build.0 = Debug|Win32
		{1F3A9942-C9BC-4E4D-A510-770E636F7AAA}.Release|x64.ActiveCfg = Release|x64
		{1F3A9942-C9BC-4E4D-A510-770E636F7AAA}.Release|x64.Build.0 = Release|x64
		{1F3A9942-C9BC-4E4D-A510-770E636F7AAA}.Release|x86.ActiveCfg = Release|Win32
		{1F3A9942-C9BC-4E4D-A510-770E636F7AAA}.Release|x86.Build.0 = Release|Win32
		{089CA556-BFA7-4DED-969C-E29E21792E86}.Debug|x64.ActiveCfg = Debug|x64
		{089CA556-BFA7-4DED-969C-E29E21792E86}.Debug|x64.Build.0 = Debug|x64
		{089CA556-BFA7-4DED-969C-E29E21792E86}.Debug|x86.ActiveCfg = Debug|Win32
		{089CA556-BFA7-4DED-969C-E29E21792E86}.Debug|x86.Build.0 = Debug|Win32
		{089CA556-BFA7-4DED-969C-E29E21792E86}.Release|x64.ActiveCfg = Release|x64
		{089CA556-BFA7-4DED-969C-E29E21792E86}.Release|x64.Build.0 = Release|x64
		{089CA556-BFA7-4DED-969C-E29E21792E86}.Release|x86.ActiveCfg = Release|Win32
		{089CA556-BFA7-4DED-969C-E29E21792E86}.Release|x86.Build.0 = Release|Win32
		{97DE1913-1F8D-43FA-A64D-59CCE109CFAE}.Debug|x64.ActiveCfg = Debug|x64
		{97DE1913-1F8D-43FA-A64D-59CCE109CFAE}.Debug|x64.Build.0 = Debug|x64
		{97DE1913-1F8D-43FA-A64D-59CCE109CFAE}.Debug|x86.ActiveCfg = Debug|Win32
		{97DE1913-1F8D-43FA-A64D-59CCE109CFAE}.Debug|x86.Build.0 = Debug|Win32
		{97DE1913-1F8D-43FA-A64D-59CCE109CFAE}.Release|x64.ActiveCfg = Release|x64
		{97DE1913-1F8D-43FA-A64D-59CCE109CFAE}.Release|x64.Build.0 = Release|x64
		{97DE1913-1F8D-43FA-A64D-59CCE109CFAE}.Release|x86.ActiveCfg = Release|Win32
		{97DE1913-1F8D-43FA-A64D-59CCE109CFAE}.Release|x86.Build.0 = Release|Win32
		{E49EEC66-C2C5-4CE4-BCD4-CA4FD0712A20}.Debug|x64.ActiveCfg = Debug|x64
		{E49EEC66-C2C5-4CE4-BCD4-CA4FD0712A20}.Debug|x64.Build.0 = Debug|x64
		{E49EEC66-C2C5-4CE4-BCD4-CA4FD0712A20}.Debug|x86.ActiveCfg = Debug|Win32
		{E49EEC66-C2C5-4CE4-BCD4-CA4FD0712A20}.Debug|x86.Build.0 = Debug|Win32
		{E49EEC66-C2C5-4CE4-BCD4-CA4FD0712A20}.Release|x64.ActiveCfg = Release|x64
		{E49EEC66-C2C5-4CE4-BCD4-CA4FD0712A20}.Release|x64.Build.0 = Release|x64
		{E49EEC66-C2C5-4CE4-BCD4-CA4FD0712A20}.Release|x86.ActiveCfg = Release|Win32
		{E49EEC66-C2C5-4CE4-BCD4-CA4FD0712A20}.Release|x86.Build.0 = Release|Win32
		{69D8C85A-2DB9-4FA3-BA10-60A422ECDAE2}.Debug|x64.ActiveCfg = Debug|x64
		{69D8C85A-2DB9-4FA3-BA10-60A422ECDAE2}.Debug|x64.Build.0 = Debug|x64
		{69D8C85A-2DB9-4FA3-BA10-60A422ECDAE2}.Debug|x86.ActiveCfg = Debug|Win32
		{69D8C85A-2DB9-4FA3-BA10-60A422ECDAE2}.Debug|x86.Build.0 = Debug|Win32
		{69D8C85A-2DB9-4FA3-BA10-60A422ECDAE2}.Release|x64.ActiveCfg = Release|x64
		{69D8C85A-2DB9-4FA3-BA10-60A422ECDAE2}.Release|x64.Build.0 = Release|x64
		{69D8C85A-2DB9-4FA3-BA10-60A422ECDAE2}.Release|x86.ActiveCfg = Release|Win32
		{69D8C85A-2DB9-4FA3-BA10-60A422ECDAE2}.Release|x86.Build.0 = Release|Win32
	EndGlobalSection
	GlobalSection(SolutionProperties) = preSolution
		HideSolutionNode = FALSE
	EndGlobalSection
	GlobalSection(ExtensibilityGlobals) = postSolution
		SolutionGuid = {4EFEC15F-13CE-4741-9132-E3EB3DB6EC27}
	EndGlobalSection
EndGlobal
