
Microsoft Visual Studio Solution File, Format Version 12.00
# Visual Studio Version 17
VisualStudioVersion = 17.11.35327.3
MinimumVisualStudioVersion = 10.0.40219.1
Project("{8BC9CEB8-8B4A-11D0-8D11-00A0C91BC942}") = "Test", "Test\Test.vcxproj", "{F33D7541-8A10-4D69-BC8F-031012462B82}"
EndProject
Project("{8BC9CEB8-8B4A-11D0-8D11-00A0C91BC942}") = "006", "006\006.vcxproj", "{A728D8DF-BB42-49E2-A043-9A7D2C7CE1BE}"
EndProject
Project("{8BC9CEB8-8B4A-11D0-8D11-00A0C91BC942}") = "018", "018\018.vcxproj", "{ECEF8AC4-A84A-4B58-9832-F1858A89470D}"
EndProject
Project("{8BC9CEB8-8B4A-11D0-8D11-00A0C91BC942}") = "030", "030\030.vcxproj", "{92330115-3C9E-48DD-92F0-B93136995940}"
EndProject
Project("{8BC9CEB8-8B4A-11D0-8D11-00A0C91BC942}") = "042", "042\042.vcxproj", "{8738D4B1-3A8E-4273-BE62-F2F473A0134A}"
EndProject
Project("{8BC9CEB8-8B4A-11D0-8D11-00A0C91BC942}") = "054", "054\054.vcxproj", "{57F4CD62-2C84-49B4-A6B2-AE3F6CD1DFF6}"
EndProject
Project("{8BC9CEB8-8B4A-11D0-8D11-00A0C91BC942}") = "066", "066\066.vcxproj", "{100C4462-115B-4751-94B8-3DBAC151F049}"
EndProject
Project("{8BC9CEB8-8B4A-11D0-8D11-00A0C91BC942}") = "078", "078\078.vcxproj", "{82138427-5567-4D84-AE05-C17AB9B14414}"
EndProject
Project("{8BC9CEB8-8B4A-11D0-8D11-00A0C91BC942}") = "090", "090\090.vcxproj", "{1ED2A91F-B157-4ED7-BF8F-06C4B507EEFC}"
EndProject
Project("{8BC9CEB8-8B4A-11D0-8D11-00A0C91BC942}") = "102", "102\102.vcxproj", "{737B46A9-88D4-4581-9635-1BAAF4D1D5E6}"
EndProject
Project("{8BC9CEB8-8B4A-11D0-8D11-00A0C91BC942}") = "114", "114\114.vcxproj", "{452B56FF-EDB7-4112-B33E-23CF45521278}"
EndProject
Project("{8BC9CEB8-8B4A-11D0-8D11-00A0C91BC942}") = "126", "126\126.vcxproj", "{D37B6D9E-6ACD-4656-BD55-3ED399F77A98}"
EndProject
Project("{8BC9CEB8-8B4A-11D0-8D11-00A0C91BC942}") = "138", "138\138.vcxproj", "{FB4E68C9-BDDE-4828-91EE-E82C063A8075}"
EndProject
Project("{8BC9CEB8-8B4A-11D0-8D11-00A0C91BC942}") = "150", "150\150.vcxproj", "{0B9F755B-5999-4197-A8C9-6A1FC20EE2CD}"
EndProject
Global
	GlobalSection(SolutionConfigurationPlatforms) = preSolution
		Debug|x64 = Debug|x64
		Debug|x86 = Debug|x86
		Release|x64 = Release|x64
		Release|x86 = Release|x86
	EndGlobalSection
	GlobalSection(ProjectConfigurationPlatforms) = postSolution
		{F33D7541-8A10-4D69-BC8F-031012462B82}.Debug|x64.ActiveCfg = Debug|x64
		{F33D7541-8A10-4D69-BC8F-031012462B82}.Debug|x64.Build.0 = Debug|x64
		{F33D7541-8A10-4D69-BC8F-031012462B82}.Debug|x86.ActiveCfg = Debug|Win32
		{F33D7541-8A10-4D69-BC8F-031012462B82}.Debug|x86.Build.0 = Debug|Win32
		{F33D7541-8A10-4D69-BC8F-031012462B82}.Release|x64.ActiveCfg = Release|x64
		{F33D7541-8A10-4D69-BC8F-031012462B82}.Release|x64.Build.0 = Release|x64
		{F33D7541-8A10-4D69-BC8F-031012462B82}.Release|x86.ActiveCfg = Release|Win32
		{F33D7541-8A10-4D69-BC8F-031012462B82}.Release|x86.Build.0 = Release|Win32
		{A728D8DF-BB42-49E2-A043-9A7D2C7CE1BE}.Debug|x64.ActiveCfg = Debug|x64
		{A728D8DF-BB42-49E2-A043-9A7D2C7CE1BE}.Debug|x64.Build.0 = Debug|x64
		{A728D8DF-BB42-49E2-A043-9A7D2C7CE1BE}.Debug|x86.ActiveCfg = Debug|Win32
		{A728D8DF-BB42-49E2-A043-9A7D2C7CE1BE}.Debug|x86.Build.0 = Debug|Win32
		{A728D8DF-BB42-49E2-A043-9A7D2C7CE1BE}.Release|x64.ActiveCfg = Release|x64
		{A728D8DF-BB42-49E2-A043-9A7D2C7CE1BE}.Release|x64.Build.0 = Release|x64
		{A728D8DF-BB42-49E2-A043-9A7D2C7CE1BE}.Release|x86.ActiveCfg = Release|Win32
		{A728D8DF-BB42-49E2-A043-9A7D2C7CE1BE}.Release|x86.Build.0 = Release|Win32
		{ECEF8AC4-A84A-4B58-9832-F1858A89470D}.Debug|x64.ActiveCfg = Debug|x64
		{ECEF8AC4-A84A-4B58-9832-F1858A89470D}.Debug|x64.Build.0 = Debug|x64
		{ECEF8AC4-A84A-4B58-9832-F1858A89470D}.Debug|x86.ActiveCfg = Debug|Win32
		{ECEF8AC4-A84A-4B58-9832-F1858A89470D}.Debug|x86.Build.0 = Debug|Win32
		{ECEF8AC4-A84A-4B58-9832-F1858A89470D}.Release|x64.ActiveCfg = Release|x64
		{ECEF8AC4-A84A-4B58-9832-F1858A89470D}.Release|x64.Build.0 = Release|x64
		{ECEF8AC4-A84A-4B58-9832-F1858A89470D}.Release|x86.ActiveCfg = Release|Win32
		{ECEF8AC4-A84A-4B58-9832-F1858A89470D}.Release|x86.Build.0 = Release|Win32
		{92330115-3C9E-48DD-92F0-B93136995940}.Debug|x64.ActiveCfg = Debug|x64
		{92330115-3C9E-48DD-92F0-B93136995940}.Debug|x64.Build.0 = Debug|x64
		{92330115-3C9E-48DD-92F0-B93136995940}.Debug|x86.ActiveCfg = Debug|Win32
		{92330115-3C9E-48DD-92F0-B93136995940}.Debug|x86.Build.0 = Debug|Win32
		{92330115-3C9E-48DD-92F0-B93136995940}.Release|x64.ActiveCfg = Release|x64
		{92330115-3C9E-48DD-92F0-B93136995940}.Release|x64.Build.0 = Release|x64
		{92330115-3C9E-48DD-92F0-B93136995940}.Release|x86.ActiveCfg = Release|Win32
		{92330115-3C9E-48DD-92F0-B93136995940}.Release|x86.Build.0 = Release|Win32
		{8738D4B1-3A8E-4273-BE62-F2F473A0134A}.Debug|x64.ActiveCfg = Debug|x64
		{8738D4B1-3A8E-4273-BE62-F2F473A0134A}.Debug|x64.Build.0 = Debug|x64
		{8738D4B1-3A8E-4273-BE62-F2F473A0134A}.Debug|x86.ActiveCfg = Debug|Win32
		{8738D4B1-3A8E-4273-BE62-F2F473A0134A}.Debug|x86.Build.0 = Debug|Win32
		{8738D4B1-3A8E-4273-BE62-F2F473A0134A}.Release|x64.ActiveCfg = Release|x64
		{8738D4B1-3A8E-4273-BE62-F2F473A0134A}.Release|x64.Build.0 = Release|x64
		{8738D4B1-3A8E-4273-BE62-F2F473A0134A}.Release|x86.ActiveCfg = Release|Win32
		{8738D4B1-3A8E-4273-BE62-F2F473A0134A}.Release|x86.Build.0 = Release|Win32
		{57F4CD62-2C84-49B4-A6B2-AE3F6CD1DFF6}.Debug|x64.ActiveCfg = Debug|x64
		{57F4CD62-2C84-49B4-A6B2-AE3F6CD1DFF6}.Debug|x64.Build.0 = Debug|x64
		{57F4CD62-2C84-49B4-A6B2-AE3F6CD1DFF6}.Debug|x86.ActiveCfg = Debug|Win32
		{57F4CD62-2C84-49B4-A6B2-AE3F6CD1DFF6}.Debug|x86.Build.0 = Debug|Win32
		{57F4CD62-2C84-49B4-A6B2-AE3F6CD1DFF6}.Release|x64.ActiveCfg = Release|x64
		{57F4CD62-2C84-49B4-A6B2-AE3F6CD1DFF6}.Release|x64.Build.0 = Release|x64
		{57F4CD62-2C84-49B4-A6B2-AE3F6CD1DFF6}.Release|x86.ActiveCfg = Release|Win32
		{57F4CD62-2C84-49B4-A6B2-AE3F6CD1DFF6}.Release|x86.Build.0 = Release|Win32
		{100C4462-115B-4751-94B8-3DBAC151F049}.Debug|x64.ActiveCfg = Debug|x64
		{100C4462-115B-4751-94B8-3DBAC151F049}.Debug|x64.Build.0 = Debug|x64
		{100C4462-115B-4751-94B8-3DBAC151F049}.Debug|x86.ActiveCfg = Debug|Win32
		{100C4462-115B-4751-94B8-3DBAC151F049}.Debug|x86.Build.0 = Debug|Win32
		{100C4462-115B-4751-94B8-3DBAC151F049}.Release|x64.ActiveCfg = Release|x64
		{100C4462-115B-4751-94B8-3DBAC151F049}.Release|x64.Build.0 = Release|x64
		{100C4462-115B-4751-94B8-3DBAC151F049}.Release|x86.ActiveCfg = Release|Win32
		{100C4462-115B-4751-94B8-3DBAC151F049}.Release|x86.Build.0 = Release|Win32
		{82138427-5567-4D84-AE05-C17AB9B14414}.Debug|x64.ActiveCfg = Debug|x64
		{82138427-5567-4D84-AE05-C17AB9B14414}.Debug|x64.Build.0 = Debug|x64
		{82138427-5567-4D84-AE05-C17AB9B14414}.Debug|x86.ActiveCfg = Debug|Win32
		{82138427-5567-4D84-AE05-C17AB9B14414}.Debug|x86.Build.0 = Debug|Win32
		{82138427-5567-4D84-AE05-C17AB9B14414}.Release|x64.ActiveCfg = Release|x64
		{82138427-5567-4D84-AE05-C17AB9B14414}.Release|x64.Build.0 = Release|x64
		{82138427-5567-4D84-AE05-C17AB9B14414}.Release|x86.ActiveCfg = Release|Win32
		{82138427-5567-4D84-AE05-C17AB9B14414}.Release|x86.Build.0 = Release|Win32
		{1ED2A91F-B157-4ED7-BF8F-06C4B507EEFC}.Debug|x64.ActiveCfg = Debug|x64
		{1ED2A91F-B157-4ED7-BF8F-06C4B507EEFC}.Debug|x64.Build.0 = Debug|x64
		{1ED2A91F-B157-4ED7-BF8F-06C4B507EEFC}.Debug|x86.ActiveCfg = Debug|Win32
		{1ED2A91F-B157-4ED7-BF8F-06C4B507EEFC}.Debug|x86.Build.0 = Debug|Win32
		{1ED2A91F-B157-4ED7-BF8F-06C4B507EEFC}.Release|x64.ActiveCfg = Release|x64
		{1ED2A91F-B157-4ED7-BF8F-06C4B507EEFC}.Release|x64.Build.0 = Release|x64
		{1ED2A91F-B157-4ED7-BF8F-06C4B507EEFC}.Release|x86.ActiveCfg = Release|Win32
		{1ED2A91F-B157-4ED7-BF8F-06C4B507EEFC}.Release|x86.Build.0 = Release|Win32
		{737B46A9-88D4-4581-9635-1BAAF4D1D5E6}.Debug|x64.ActiveCfg = Debug|x64
		{737B46A9-88D4-4581-9635-1BAAF4D1D5E6}.Debug|x64.Build.0 = Debug|x64
		{737B46A9-88D4-4581-9635-1BAAF4D1D5E6}.Debug|x86.ActiveCfg = Debug|Win32
		{737B46A9-88D4-4581-9635-1BAAF4D1D5E6}.Debug|x86.Build.0 = Debug|Win32
		{737B46A9-88D4-4581-9635-1BAAF4D1D5E6}.Release|x64.ActiveCfg = Release|x64
		{737B46A9-88D4-4581-9635-1BAAF4D1D5E6}.Release|x64.Build.0 = Release|x64
		{737B46A9-88D4-4581-9635-1BAAF4D1D5E6}.Release|x86.ActiveCfg = Release|Win32
		{737B46A9-88D4-4581-9635-1BAAF4D1D5E6}.Release|x86.Build.0 = Release|Win32
		{452B56FF-EDB7-4112-B33E-23CF45521278}.Debug|x64.ActiveCfg = Debug|x64
		{452B56FF-EDB7-4112-B33E-23CF45521278}.Debug|x64.Build.0 = Debug|x64
		{452B56FF-EDB7-4112-B33E-23CF45521278}.Debug|x86.ActiveCfg = Debug|Win32
		{452B56FF-EDB7-4112-B33E-23CF45521278}.Debug|x86.Build.0 = Debug|Win32
		{452B56FF-EDB7-4112-B33E-23CF45521278}.Release|x64.ActiveCfg = Release|x64
		{452B56FF-EDB7-4112-B33E-23CF45521278}.Release|x64.Build.0 = Release|x64
		{452B56FF-EDB7-4112-B33E-23CF45521278}.Release|x86.ActiveCfg = Release|Win32
		{452B56FF-EDB7-4112-B33E-23CF45521278}.Release|x86.Build.0 = Release|Win32
		{D37B6D9E-6ACD-4656-BD55-3ED399F77A98}.Debug|x64.ActiveCfg = Debug|x64
		{D37B6D9E-6ACD-4656-BD55-3ED399F77A98}.Debug|x64.Build.0 = Debug|x64
		{D37B6D9E-6ACD-4656-BD55-3ED399F77A98}.Debug|x86.ActiveCfg = Debug|Win32
		{D37B6D9E-6ACD-4656-BD55-3ED399F77A98}.Debug|x86.Build.0 = Debug|Win32
		{D37B6D9E-6ACD-4656-BD55-3ED399F77A98}.Release|x64.ActiveCfg = Release|x64
		{D37B6D9E-6ACD-4656-BD55-3ED399F77A98}.Release|x64.Build.0 = Release|x64
		{D37B6D9E-6ACD-4656-BD55-3ED399F77A98}.Release|x86.ActiveCfg = Release|Win32
		{D37B6D9E-6ACD-4656-BD55-3ED399F77A98}.Release|x86.Build.0 = Release|Win32
		{FB4E68C9-BDDE-4828-91EE-E82C063A8075}.Debug|x64.ActiveCfg = Debug|x64
		{FB4E68C9-BDDE-4828-91EE-E82C063A8075}.Debug|x64.Build.0 = Debug|x64
		{FB4E68C9-BDDE-4828-91EE-E82C063A8075}.Debug|x86.ActiveCfg = Debug|Win32
		{FB4E68C9-BDDE-4828-91EE-E82C063A8075}.Debug|x86.Build.0 = Debug|Win32
		{FB4E68C9-BDDE-4828-91EE-E82C063A8075}.Release|x64.ActiveCfg = Release|x64
		{FB4E68C9-BDDE-4828-91EE-E82C063A8075}.Release|x64.Build.0 = Release|x64
		{FB4E68C9-BDDE-4828-91EE-E82C063A8075}.Release|x86.ActiveCfg = Release|Win32
		{FB4E68C9-BDDE-4828-91EE-E82C063A8075}.Release|x86.Build.0 = Release|Win32
		{0B9F755B-5999-4197-A8C9-6A1FC20EE2CD}.Debug|x64.ActiveCfg = Debug|x64
		{0B9F755B-5999-4197-A8C9-6A1FC20EE2CD}.Debug|x64.Build.0 = Debug|x64
		{0B9F755B-5999-4197-A8C9-6A1FC20EE2CD}.Debug|x86.ActiveCfg = Debug|Win32
		{0B9F755B-5999-4197-A8C9-6A1FC20EE2CD}.Debug|x86.Build.0 = Debug|Win32
		{0B9F755B-5999-4197-A8C9-6A1FC20EE2CD}.Release|x64.ActiveCfg = Release|x64
		{0B9F755B-5999-4197-A8C9-6A1FC20EE2CD}.Release|x64.Build.0 = Release|x64
		{0B9F755B-5999-4197-A8C9-6A1FC20EE2CD}.Release|x86.ActiveCfg = Release|Win32
		{0B9F755B-5999-4197-A8C9-6A1FC20EE2CD}.Release|x86.Build.0 = Release|Win32
	EndGlobalSection
	GlobalSection(SolutionProperties) = preSolution
		HideSolutionNode = FALSE
	EndGlobalSection
	GlobalSection(ExtensibilityGlobals) = postSolution
		SolutionGuid = {4EFEC15F-13CE-4741-9132-E3EB3DB6EC27}
	EndGlobalSection
EndGlobal
